
Microsoft Visual Studio Solution File, Format Version 12.00
# Visual Studio Version 17
VisualStudioVersion = 17.14.36616.10
MinimumVisualStudioVersion = 10.0.40219.1
Project("{FAE04EC0-301F-11D3-BF4B-00C04F79EFBC}") = "GrandLineAuto", "GrandLineAuto\GrandLineAuto.csproj", "{0ABE95B1-7747-4118-AC85-EDF393F9093A}"
EndProject
Project("{FAE04EC0-301F-11D3-BF4B-00C04F79EFBC}") = "GrandLineAuto.Data", "GrandLineAuto.Data\GrandLineAuto.Data.csproj", "{9E7896A3-9C63-4C90-BA85-9429B2C73E5D}"
EndProject
Project("{2150E333-8FDC-42A3-9474-1A3956D46DE8}") = "Web", "Web", "{02EA681E-C7D8-13C7-8484-4AC65E1B71E8}"
EndProject
Project("{2150E333-8FDC-42A3-9474-1A3956D46DE8}") = "Data", "Data", "{6C83249B-5F49-42EB-8A4F-391638911D00}"
EndProject
Project("{FAE04EC0-301F-11D3-BF4B-00C04F79EFBC}") = "GrandLineAuto.Data.Models", "GrandLineAuto.Data.Models\GrandLineAuto.Data.Models.csproj", "{769F3A31-8D80-4028-9FD0-A17154E7F885}"
EndProject
Project("{FAE04EC0-301F-11D3-BF4B-00C04F79EFBC}") = "GrandLineAuto.Common", "GrandLineAuto.Common\GrandLineAuto.Common.csproj", "{FBC5F956-F949-4A80-9453-A9468E651247}"
EndProject
Project("{FAE04EC0-301F-11D3-BF4B-00C04F79EFBC}") = "GrandLineAuto.Infrastructure", "GrandLineAuto.Infrastructure\GrandLineAuto.Infrastructure.csproj", "{625E2D9F-F1E4-47BC-8C0C-06B413B98492}"
EndProject
Global
	GlobalSection(SolutionConfigurationPlatforms) = preSolution
		Debug|Any CPU = Debug|Any CPU
		Release|Any CPU = Release|Any CPU
	EndGlobalSection
	GlobalSection(ProjectConfigurationPlatforms) = postSolution
		{0ABE95B1-7747-4118-AC85-EDF393F9093A}.Debug|Any CPU.ActiveCfg = Debug|Any CPU
		{0ABE95B1-7747-4118-AC85-EDF393F9093A}.Debug|Any CPU.Build.0 = Debug|Any CPU
		{0ABE95B1-7747-4118-AC85-EDF393F9093A}.Release|Any CPU.ActiveCfg = Release|Any CPU
		{0ABE95B1-7747-4118-AC85-EDF393F9093A}.Release|Any CPU.Build.0 = Release|Any CPU
		{9E7896A3-9C63-4C90-BA85-9429B2C73E5D}.Debug|Any CPU.ActiveCfg = Debug|Any CPU
		{9E7896A3-9C63-4C90-BA85-9429B2C73E5D}.Debug|Any CPU.Build.0 = Debug|Any CPU
		{9E7896A3-9C63-4C90-BA85-9429B2C73E5D}.Release|Any CPU.ActiveCfg = Release|Any CPU
		{9E7896A3-9C63-4C90-BA85-9429B2C73E5D}.Release|Any CPU.Build.0 = Release|Any CPU
		{769F3A31-8D80-4028-9FD0-A17154E7F885}.Debug|Any CPU.ActiveCfg = Debug|Any CPU
		{769F3A31-8D80-4028-9FD0-A17154E7F885}.Debug|Any CPU.Build.0 = Debug|Any CPU
		{769F3A31-8D80-4028-9FD0-A17154E7F885}.Release|Any CPU.ActiveCfg = Release|Any CPU
		{769F3A31-8D80-4028-9FD0-A17154E7F885}.Release|Any CPU.Build.0 = Release|Any CPU
		{FBC5F956-F949-4A80-9453-A9468E651247}.Debug|Any CPU.ActiveCfg = Debug|Any CPU
		{FBC5F956-F949-4A80-9453-A9468E651247}.Debug|Any CPU.Build.0 = Debug|Any CPU
		{FBC5F956-F949-4A80-9453-A9468E651247}.Release|Any CPU.ActiveCfg = Release|Any CPU
		{FBC5F956-F949-4A80-9453-A9468E651247}.Release|Any CPU.Build.0 = Release|Any CPU
		{625E2D9F-F1E4-47BC-8C0C-06B413B98492}.Debug|Any CPU.ActiveCfg = Debug|Any CPU
		{625E2D9F-F1E4-47BC-8C0C-06B413B98492}.Debug|Any CPU.Build.0 = Debug|Any CPU
		{625E2D9F-F1E4-47BC-8C0C-06B413B98492}.Release|Any CPU.ActiveCfg = Release|Any CPU
		{625E2D9F-F1E4-47BC-8C0C-06B413B98492}.Release|Any CPU.Build.0 = Release|Any CPU
	EndGlobalSection
	GlobalSection(SolutionProperties) = preSolution
		HideSolutionNode = FALSE
	EndGlobalSection
	GlobalSection(NestedProjects) = preSolution
		{0ABE95B1-7747-4118-AC85-EDF393F9093A} = {02EA681E-C7D8-13C7-8484-4AC65E1B71E8}
		{9E7896A3-9C63-4C90-BA85-9429B2C73E5D} = {6C83249B-5F49-42EB-8A4F-391638911D00}
		{769F3A31-8D80-4028-9FD0-A17154E7F885} = {6C83249B-5F49-42EB-8A4F-391638911D00}
		{625E2D9F-F1E4-47BC-8C0C-06B413B98492} = {02EA681E-C7D8-13C7-8484-4AC65E1B71E8}
	EndGlobalSection
	GlobalSection(ExtensibilityGlobals) = postSolution
		SolutionGuid = {7D5DA319-78F9-4086-85CF-45EE0D7596BF}
	EndGlobalSection
EndGlobal
